<?xml version="1.0" encoding="utf-8"?>
<Project ToolsVersion="4.0" xmlns="http://schemas.microsoft.com/developer/msbuild/2003">
  <ItemGroup>
    <Filter Include="리소스 파일">
      <UniqueIdentifier>{67DA6AB6-F800-4c08-8B7A-83BB121AAD01}</UniqueIdentifier>
      <Extensions>rc;ico;cur;bmp;dlg;rc2;rct;bin;rgs;gif;jpg;jpeg;jpe;resx;tiff;tif;png;wav;mfcribbon-ms</Extensions>
    </Filter>
    <Filter Include="Utils">
      <UniqueIdentifier>{df63b512-3c0f-41a0-ab9c-362c00c3c9ad}</UniqueIdentifier>
    </Filter>
    <Filter Include="Game">
      <UniqueIdentifier>{ccbc25b5-dc04-4a43-84ff-05a1ee9ff9d9}</UniqueIdentifier>
    </Filter>
    <Filter Include="Engien">
      <UniqueIdentifier>{3c11a98e-f8f5-4701-98d8-4cb772046d79}</UniqueIdentifier>
    </Filter>
    <Filter Include="Resource">
      <UniqueIdentifier>{0c6c7c25-3016-46d8-9924-31e6e0c6ceb6}</UniqueIdentifier>
    </Filter>
    <Filter Include="Engien\00.Core">
      <UniqueIdentifier>{74ab0b91-8364-429c-a553-faab2a1d7b19}</UniqueIdentifier>
    </Filter>
    <Filter Include="Engien\00.Core\Buffer">
      <UniqueIdentifier>{6a48eeff-a982-409b-ba6d-0ddbf63a0e09}</UniqueIdentifier>
    </Filter>
    <Filter Include="Engien\01.Manager">
      <UniqueIdentifier>{59bb05cd-6694-4eb7-98af-6b797ece23de}</UniqueIdentifier>
    </Filter>
    <Filter Include="Engien\02.Resource">
      <UniqueIdentifier>{d57a5aa4-470c-45ca-83ad-eac63e1a7fcf}</UniqueIdentifier>
    </Filter>
  </ItemGroup>
  <ItemGroup>
    <ClInclude Include="client.h">
      <Filter>Utils</Filter>
    </ClInclude>
    <ClInclude Include="framework.h">
      <Filter>Utils</Filter>
    </ClInclude>
    <ClInclude Include="Resource.h">
      <Filter>Utils</Filter>
    </ClInclude>
    <ClInclude Include="targetver.h">
      <Filter>Utils</Filter>
    </ClInclude>
    <ClInclude Include="Game.h">
      <Filter>Game</Filter>
    </ClInclude>
    <ClInclude Include="pch.h">
      <Filter>Utils</Filter>
    </ClInclude>
    <ClInclude Include="d3dx12.h">
      <Filter>Utils</Filter>
    </ClInclude>
    <ClInclude Include="SimpleMath.h">
      <Filter>Utils</Filter>
    </ClInclude>
    <ClInclude Include="Shader.h">
      <Filter>Engien\02.Resource</Filter>
    </ClInclude>
    <ClInclude Include="Mesh.h">
      <Filter>Engien\02.Resource</Filter>
    </ClInclude>
    <ClInclude Include="ConstantBuffer.h">
      <Filter>Engien\00.Core\Buffer</Filter>
    </ClInclude>
    <ClInclude Include="ConstantBufferTable.h">
      <Filter>Engien\00.Core\Buffer</Filter>
    </ClInclude>
    <ClInclude Include="TableDescriptorHeap.h">
      <Filter>Engien\00.Core\Buffer</Filter>
    </ClInclude>
    <ClInclude Include="Time.h">
      <Filter>Engien\01.Manager</Filter>
    </ClInclude>
    <ClInclude Include="KeyManager.h">
      <Filter>Engien\01.Manager</Filter>
    </ClInclude>
    <ClInclude Include="Core.h">
      <Filter>Engien\00.Core</Filter>
    </ClInclude>
    <ClInclude Include="Texture.h">
      <Filter>Engien\02.Resource</Filter>
    </ClInclude>
    <ClInclude Include="Material.h">
      <Filter>Engien\02.Resource</Filter>
    </ClInclude>
  </ItemGroup>
  <ItemGroup>
    <ResourceCompile Include="client.rc">
      <Filter>리소스 파일</Filter>
    </ResourceCompile>
  </ItemGroup>
  <ItemGroup>
    <Image Include="small.ico">
      <Filter>리소스 파일</Filter>
    </Image>
    <Image Include="client.ico">
      <Filter>리소스 파일</Filter>
    </Image>
  </ItemGroup>
  <ItemGroup>
    <ClCompile Include="client.cpp">
      <Filter>Game</Filter>
    </ClCompile>
    <ClCompile Include="Game.cpp">
      <Filter>Game</Filter>
    </ClCompile>
    <ClCompile Include="pch.cpp">
      <Filter>Utils</Filter>
    </ClCompile>
    <ClCompile Include="SimpleMath.cpp">
      <Filter>Utils</Filter>
    </ClCompile>
    <ClCompile Include="Shader.cpp">
      <Filter>Engien\02.Resource</Filter>
    </ClCompile>
    <ClCompile Include="Mesh.cpp">
      <Filter>Engien\02.Resource</Filter>
    </ClCompile>
    <ClCompile Include="ConstantBuffer.cpp">
      <Filter>Engien\00.Core\Buffer</Filter>
    </ClCompile>
    <ClCompile Include="ConstantBufferTable.cpp">
      <Filter>Engien\00.Core\Buffer</Filter>
    </ClCompile>
    <ClCompile Include="TableDescriptorHeap.cpp">
      <Filter>Engien\00.Core\Buffer</Filter>
    </ClCompile>
    <ClCompile Include="Time.cpp">
      <Filter>Engien\01.Manager</Filter>
    </ClCompile>
    <ClCompile Include="KeyManager.cpp">
      <Filter>Engien\01.Manager</Filter>
    </ClCompile>
    <ClCompile Include="Texture.cpp">
      <Filter>Engien\02.Resource</Filter>
    </ClCompile>
    <ClCompile Include="Core.cpp">
      <Filter>Engien\00.Core</Filter>
    </ClCompile>
    <ClCompile Include="Material.cpp">
      <Filter>Engien\02.Resource</Filter>
    </ClCompile>
  </ItemGroup>
  <ItemGroup>
    <None Include="SimpleMath.inl">
      <Filter>Utils</Filter>
    </None>
  </ItemGroup>
  <ItemGroup>
    <FxCompile Include="..\Resource\Shader\Default.hlsl">
      <Filter>Resource</Filter>
    </FxCompile>
  </ItemGroup>
</Project>